{
  "name": "init-document-upload",
  "version": "1.0.0",
  "lockfileVersion": 3,
  "requires": true,
  "packages": {
    "": {
      "name": "init-document-upload",
      "version": "1.0.0",
      "dependencies": {
        "@aws-sdk/s3-request-presigner": "^3.0.0"
      }
    },
    "node_modules/@aws-sdk/core": {
      "version": "3.973.19",
      "resolved": "https://registry.npmjs.org/@aws-sdk/core/-/core-3.973.19.tgz",
      "integrity": "sha512-56KePyOcZnKTWCd89oJS1G6j3HZ9Kc+bh/8+EbvtaCCXdP6T7O7NzCiPuHRhFLWnzXIaXX3CxAz0nI5My9spHQ==",
      "dependencies": {
        "@aws-sdk/types": "^3.973.5",
        "@aws-sdk/xml-builder": "^3.972.10",
        "@smithy/core": "^3.23.9",
        "@smithy/node-config-provider": "^4.3.11",
        "@smithy/property-provider": "^4.2.11",
        "@smithy/protocol-http": "^5.3.11",
        "@smithy/signature-v4": "^5.3.11",
        "@smithy/smithy-client": "^4.12.3",
        "@smithy/types": "^4.13.0",
        "@smithy/util-base64": "^4.3.2",
        "@smithy/util-middleware": "^4.2.11",
        "@smithy/util-utf8": "^4.2.2",
        "tslib": "^2.6.2"
      },
      "engines": {
        "node": ">=20.0.0"
      }
    },
    "node_modules/@aws-sdk/middleware-sdk-s3": {
      "version": "3.972.19",
      "resolved": "https://registry.npmjs.org/@aws-sdk/middleware-sdk-s3/-/middleware-sdk-s3-3.972.19.tgz",
      "integrity": "sha512-/CtOHHVFg4ZuN6CnLnYkrqWgVEnbOBC4kNiKa+4fldJ9cioDt3dD/f5vpq0cWLOXwmGL2zgVrVxNhjxWpxNMkg==",
      "dependencies": {
        "@aws-sdk/core": "^3.973.19",
        "@aws-sdk/types": "^3.973.5",
        "@aws-sdk/util-arn-parser": "^3.972.3",
        "@smithy/core": "^3.23.9",
        "@smithy/node-config-provider": "^4.3.11",
        "@smithy/protocol-http": "^5.3.11",
        "@smithy/signature-v4": "^5.3.11",
        "@smithy/smithy-client": "^4.12.3",
        "@smithy/types": "^4.13.0",
        "@smithy/util-config-provider": "^4.2.2",
        "@smithy/util-middleware": "^4.2.11",
        "@smithy/util-stream": "^4.5.17",
        "@smithy/util-utf8": "^4.2.2",
        "tslib": "^2.6.2"
      },
      "engines": {
        "node": ">=20.0.0"
      }
    },
    "node_modules/@aws-sdk/s3-request-presigner": {
      "version": "3.1005.0",
      "resolved": "https://registry.npmjs.org/@aws-sdk/s3-request-presigner/-/s3-request-presigner-3.1005.0.tgz",
      "integrity": "sha512-5lM7MxgIyF64RFNc70dqcjA1WlPXP/vwLOsJ/7+zFjiubu3q5xaTAw7kdAUXk+BRkYiweO4OVz2v4MHNugY7OA==",
      "dependencies": {
        "@aws-sdk/signature-v4-multi-region": "^3.996.7",
        "@aws-sdk/types": "^3.973.5",
        "@aws-sdk/util-format-url": "^3.972.7",
        "@smithy/middleware-endpoint": "^4.4.23",
        "@smithy/protocol-http": "^5.3.11",
        "@smithy/smithy-client": "^4.12.3",
        "@smithy/types": "^4.13.0",
        "tslib": "^2.6.2"
      },
      "engines": {
        "node": ">=20.0.0"
      }
    },
    "node_modules/@aws-sdk/signature-v4-multi-region": {
      "version": "3.996.7",
      "resolved": "https://registry.npmjs.org/@aws-sdk/signature-v4-multi-region/-/signature-v4-multi-region-3.996.7.tgz",
      "integrity": "sha512-mYhh7FY+7OOqjkYkd6+6GgJOsXK1xBWmuR+c5mxJPj2kr5TBNeZq+nUvE9kANWAux5UxDVrNOSiEM/wlHzC3Lg==",
      "dependencies": {
        "@aws-sdk/middleware-sdk-s3": "^3.972.19",
        "@aws-sdk/types": "^3.973.5",
        "@smithy/protocol-http": "^5.3.11",
        "@smithy/signature-v4": "^5.3.11",
        "@smithy/types": "^4.13.0",
        "tslib": "^2.6.2"
      },
      "engines": {
        "node": ">=20.0.0"
      }
    },
    "node_modules/@aws-sdk/types": {
      "version": "3.973.5",
      "resolved": "https://registry.npmjs.org/@aws-sdk/types/-/types-3.973.5.tgz",
      "integrity": "sha512-hl7BGwDCWsjH8NkZfx+HgS7H2LyM2lTMAI7ba9c8O0KqdBLTdNJivsHpqjg9rNlAlPyREb6DeDRXUl0s8uFdmQ==",
      "dependencies": {
        "@smithy/types": "^4.13.0",
        "tslib": "^2.6.2"
      },
      "engines": {
        "node": ">=20.0.0"
      }
    },
    "node_modules/@aws-sdk/util-arn-parser": {
      "version": "3.972.3",
      "resolved": "https://registry.npmjs.org/@aws-sdk/util-arn-parser/-/util-arn-parser-3.972.3.tgz",
      "integrity": "sha512-HzSD8PMFrvgi2Kserxuff5VitNq2sgf3w9qxmskKDiDTThWfVteJxuCS9JXiPIPtmCrp+7N9asfIaVhBFORllA==",
      "dependencies": {
        "tslib": "^2.6.2"
      },
      "engines": {
        "node": ">=20.0.0"
      }
    },
    "node_modules/@aws-sdk/util-format-url": {
      "version": "3.972.7",
      "resolved": "https://registry.npmjs.org/@aws-sdk/util-format-url/-/util-format-url-3.972.7.tgz",
      "integrity": "sha512-V+PbnWfUl93GuFwsOHsAq7hY/fnm9kElRqR8IexIJr5Rvif9e614X5sGSyz3mVSf1YAZ+VTy63W1/pGdA55zyA==",
      "dependencies": {
        "@aws-sdk/types": "^3.973.5",
        "@smithy/querystring-builder": "^4.2.11",
        "@smithy/types": "^4.13.0",
        "tslib": "^2.6.2"
      },
      "engines": {
        "node": ">=20.0.0"
      }
    },
    "node_modules/@aws-sdk/xml-builder": {
      "version": "3.972.10",
      "resolved": "https://registry.npmjs.org/@aws-sdk/xml-builder/-/xml-builder-3.972.10.tgz",
      "integrity": "sha512-OnejAIVD+CxzyAUrVic7lG+3QRltyja9LoNqCE/1YVs8ichoTbJlVSaZ9iSMcnHLyzrSNtvaOGjSDRP+d/ouFA==",
      "dependencies": {
        "@smithy/types": "^4.13.0",
        "fast-xml-parser": "5.4.1",
        "tslib": "^2.6.2"
      },
      "engines": {
        "node": ">=20.0.0"
      }
    },
    "node_modules/@smithy/abort-controller": {
      "version": "4.2.11",
      "resolved": "https://registry.npmjs.org/@smithy/abort-controller/-/abort-controller-4.2.11.tgz",
      "integrity": "sha512-Hj4WoYWMJnSpM6/kchsm4bUNTL9XiSyhvoMb2KIq4VJzyDt7JpGHUZHkVNPZVC7YE1tf8tPeVauxpFBKGW4/KQ==",
      "dependencies": {
        "@smithy/types": "^4.13.0",
        "tslib": "^2.6.2"
      },
      "engines": {
        "node": ">=18.0.0"
      }
    },
    "node_modules/@smithy/core": {
      "version": "3.23.9",
      "resolved": "https://registry.npmjs.org/@smithy/core/-/core-3.23.9.tgz",
      "integrity": "sha512-1Vcut4LEL9HZsdpI0vFiRYIsaoPwZLjAxnVQDUMQK8beMS+EYPLDQCXtbzfxmM5GzSgjfe2Q9M7WaXwIMQllyQ==",
      "dependencies": {
        "@smithy/middleware-serde": "^4.2.12",
        "@smithy/protocol-http": "^5.3.11",
        "@smithy/types": "^4.13.0",
        "@smithy/util-base64": "^4.3.2",
        "@smithy/util-body-length-browser": "^4.2.2",
        "@smithy/util-middleware": "^4.2.11",
        "@smithy/util-stream": "^4.5.17",
        "@smithy/util-utf8": "^4.2.2",
        "@smithy/uuid": "^1.1.2",
        "tslib": "^2.6.2"
      },
      "engines": {
        "node": ">=18.0.0"
      }
    },
    "node_modules/@smithy/fetch-http-handler": {
      "version": "5.3.13",
      "resolved": "https://registry.npmjs.org/@smithy/fetch-http-handler/-/fetch-http-handler-5.3.13.tgz",
      "integrity": "sha512-U2Hcfl2s3XaYjikN9cT4mPu8ybDbImV3baXR0PkVlC0TTx808bRP3FaPGAzPtB8OByI+JqJ1kyS+7GEgae7+qQ==",
      "dependencies": {
        "@smithy/protocol-http": "^5.3.11",
        "@smithy/querystring-builder": "^4.2.11",
        "@smithy/types": "^4.13.0",
        "@smithy/util-base64": "^4.3.2",
        "tslib": "^2.6.2"
      },
      "engines": {
        "node": ">=18.0.0"
      }
    },
    "node_modules/@smithy/is-array-buffer": {
      "version": "4.2.2",
      "resolved": "https://registry.npmjs.org/@smithy/is-array-buffer/-/is-array-buffer-4.2.2.tgz",
      "integrity": "sha512-n6rQ4N8Jj4YTQO3YFrlgZuwKodf4zUFs7EJIWH86pSCWBaAtAGBFfCM7Wx6D2bBJ2xqFNxGBSrUWswT3M0VJow==",
      "dependencies": {
        "tslib": "^2.6.2"
      },
      "engines": {
        "node": ">=18.0.0"
      }
    },
    "node_modules/@smithy/middleware-endpoint": {
      "version": "4.4.23",
      "resolved": "https://registry.npmjs.org/@smithy/middleware-endpoint/-/middleware-endpoint-4.4.23.tgz",
      "integrity": "sha512-UEFIejZy54T1EJn2aWJ45voB7RP2T+IRzUqocIdM6GFFa5ClZncakYJfcYnoXt3UsQrZZ9ZRauGm77l9UCbBLw==",
      "dependencies": {
        "@smithy/core": "^3.23.9",
        "@smithy/middleware-serde": "^4.2.12",
        "@smithy/node-config-provider": "^4.3.11",
        "@smithy/shared-ini-file-loader": "^4.4.6",
        "@smithy/types": "^4.13.0",
        "@smithy/url-parser": "^4.2.11",
        "@smithy/util-middleware": "^4.2.11",
        "tslib": "^2.6.2"
      },
      "engines": {
        "node": ">=18.0.0"
      }
    },
    "node_modules/@smithy/middleware-serde": {
      "version": "4.2.12",
      "resolved": "https://registry.npmjs.org/@smithy/middleware-serde/-/middleware-serde-4.2.12.tgz",
      "integrity": "sha512-W9g1bOLui7Xn5FABRVS0o3rXL0gfN37d/8I/W7i0N7oxjx9QecUmXEMSUMADTODwdtka9cN43t5BI2CodLJpng==",
      "dependencies": {
        "@smithy/protocol-http": "^5.3.11",
        "@smithy/types": "^4.13.0",
        "tslib": "^2.6.2"
      },
      "engines": {
        "node": ">=18.0.0"
      }
    },
    "node_modules/@smithy/middleware-stack": {
      "version": "4.2.11",
      "resolved": "https://registry.npmjs.org/@smithy/middleware-stack/-/middleware-stack-4.2.11.tgz",
      "integrity": "sha512-s+eenEPW6RgliDk2IhjD2hWOxIx1NKrOHxEwNUaUXxYBxIyCcDfNULZ2Mu15E3kwcJWBedTET/kEASPV1A1Akg==",
      "dependencies": {
        "@smithy/types": "^4.13.0",
        "tslib": "^2.6.2"
      },
      "engines": {
        "node": ">=18.0.0"
      }
    },
    "node_modules/@smithy/node-config-provider": {
      "version": "4.3.11",
      "resolved": "https://registry.npmjs.org/@smithy/node-config-provider/-/node-config-provider-4.3.11.tgz",
      "integrity": "sha512-xD17eE7kaLgBBGf5CZQ58hh2YmwK1Z0O8YhffwB/De2jsL0U3JklmhVYJ9Uf37OtUDLF2gsW40Xwwag9U869Gg==",
      "dependencies": {
        "@smithy/property-provider": "^4.2.11",
        "@smithy/shared-ini-file-loader": "^4.4.6",
        "@smithy/types": "^4.13.0",
        "tslib": "^2.6.2"
      },
      "engines": {
        "node": ">=18.0.0"
      }
    },
    "node_modules/@smithy/node-http-handler": {
      "version": "4.4.14",
      "resolved": "https://registry.npmjs.org/@smithy/node-http-handler/-/node-http-handler-4.4.14.tgz",
      "integrity": "sha512-DamSqaU8nuk0xTJDrYnRzZndHwwRnyj/n/+RqGGCcBKB4qrQem0mSDiWdupaNWdwxzyMU91qxDmHOCazfhtO3A==",
      "dependencies": {
        "@smithy/abort-controller": "^4.2.11",
        "@smithy/protocol-http": "^5.3.11",
        "@smithy/querystring-builder": "^4.2.11",
        "@smithy/types": "^4.13.0",
        "tslib": "^2.6.2"
      },
      "engines": {
        "node": ">=18.0.0"
      }
    },
    "node_modules/@smithy/property-provider": {
      "version": "4.2.11",
      "resolved": "https://registry.npmjs.org/@smithy/property-provider/-/property-provider-4.2.11.tgz",
      "integrity": "sha512-14T1V64o6/ndyrnl1ze1ZhyLzIeYNN47oF/QU6P5m82AEtyOkMJTb0gO1dPubYjyyKuPD6OSVMPDKe+zioOnCg==",
      "dependencies": {
        "@smithy/types": "^4.13.0",
        "tslib": "^2.6.2"
      },
      "engines": {
        "node": ">=18.0.0"
      }
    },
    "node_modules/@smithy/protocol-http": {
      "version": "5.3.11",
      "resolved": "https://registry.npmjs.org/@smithy/protocol-http/-/protocol-http-5.3.11.tgz",
      "integrity": "sha512-hI+barOVDJBkNt4y0L2mu3Ugc0w7+BpJ2CZuLwXtSltGAAwCb3IvnalGlbDV/UCS6a9ZuT3+exd1WxNdLb5IlQ==",
      "dependencies": {
        "@smithy/types": "^4.13.0",
        "tslib": "^2.6.2"
      },
      "engines": {
        "node": ">=18.0.0"
      }
    },
    "node_modules/@smithy/querystring-builder": {
      "version": "4.2.11",
      "resolved": "https://registry.npmjs.org/@smithy/querystring-builder/-/querystring-builder-4.2.11.tgz",
      "integrity": "sha512-7spdikrYiljpket6u0up2Ck2mxhy7dZ0+TDd+S53Dg2DHd6wg+YNJrTCHiLdgZmEXZKI7LJZcwL3721ZRDFiqA==",
      "dependencies": {
        "@smithy/types": "^4.13.0",
        "@smithy/util-uri-escape": "^4.2.2",
        "tslib": "^2.6.2"
      },
      "engines": {
        "node": ">=18.0.0"
      }
    },
    "node_modules/@smithy/querystring-parser": {
      "version": "4.2.11",
      "resolved": "https://registry.npmjs.org/@smithy/querystring-parser/-/querystring-parser-4.2.11.tgz",
      "integrity": "sha512-nE3IRNjDltvGcoThD2abTozI1dkSy8aX+a2N1Rs55en5UsdyyIXgGEmevUL3okZFoJC77JgRGe99xYohhsjivQ==",
      "dependencies": {
        "@smithy/types": "^4.13.0",
        "tslib": "^2.6.2"
      },
      "engines": {
        "node": ">=18.0.0"
      }
    },
    "node_modules/@smithy/shared-ini-file-loader": {
      "version": "4.4.6",
      "resolved": "https://registry.npmjs.org/@smithy/shared-ini-file-loader/-/shared-ini-file-loader-4.4.6.tgz",
      "integrity": "sha512-IB/M5I8G0EeXZTHsAxpx51tMQ5R719F3aq+fjEB6VtNcCHDc0ajFDIGDZw+FW9GxtEkgTduiPpjveJdA/CX7sw==",
      "dependencies": {
        "@smithy/types": "^4.13.0",
        "tslib": "^2.6.2"
      },
      "engines": {
        "node": ">=18.0.0"
      }
    },
    "node_modules/@smithy/signature-v4": {
      "version": "5.3.11",
      "resolved": "https://registry.npmjs.org/@smithy/signature-v4/-/signature-v4-5.3.11.tgz",
      "integrity": "sha512-V1L6N9aKOBAN4wEHLyqjLBnAz13mtILU0SeDrjOaIZEeN6IFa6DxwRt1NNpOdmSpQUfkBj0qeD3m6P77uzMhgQ==",
      "dependencies": {
        "@smithy/is-array-buffer": "^4.2.2",
        "@smithy/protocol-http": "^5.3.11",
        "@smithy/types": "^4.13.0",
        "@smithy/util-hex-encoding": "^4.2.2",
        "@smithy/util-middleware": "^4.2.11",
        "@smithy/util-uri-escape": "^4.2.2",
        "@smithy/util-utf8": "^4.2.2",
        "tslib": "^2.6.2"
      },
      "engines": {
        "node": ">=18.0.0"
      }
    },
    "node_modules/@smithy/smithy-client": {
      "version": "4.12.3",
      "resolved": "https://registry.npmjs.org/@smithy/smithy-client/-/smithy-client-4.12.3.tgz",
      "integrity": "sha512-7k4UxjSpHmPN2AxVhvIazRSzFQjWnud3sOsXcFStzagww17j1cFQYqTSiQ8xuYK3vKLR1Ni8FzuT3VlKr3xCNw==",
      "dependencies": {
        "@smithy/core": "^3.23.9",
        "@smithy/middleware-endpoint": "^4.4.23",
        "@smithy/middleware-stack": "^4.2.11",
        "@smithy/protocol-http": "^5.3.11",
        "@smithy/types": "^4.13.0",
        "@smithy/util-stream": "^4.5.17",
        "tslib": "^2.6.2"
      },
      "engines": {
        "node": ">=18.0.0"
      }
    },
    "node_modules/@smithy/types": {
      "version": "4.13.0",
      "resolved": "https://registry.npmjs.org/@smithy/types/-/types-4.13.0.tgz",
      "integrity": "sha512-COuLsZILbbQsdrwKQpkkpyep7lCsByxwj7m0Mg5v66/ZTyenlfBc40/QFQ5chO0YN/PNEH1Bi3fGtfXPnYNeDw==",
      "dependencies": {
        "tslib": "^2.6.2"
      },
      "engines": {
        "node": ">=18.0.0"
      }
    },
    "node_modules/@smithy/url-parser": {
      "version": "4.2.11",
      "resolved": "https://registry.npmjs.org/@smithy/url-parser/-/url-parser-4.2.11.tgz",
      "integrity": "sha512-oTAGGHo8ZYc5VZsBREzuf5lf2pAurJQsccMusVZ85wDkX66ojEc/XauiGjzCj50A61ObFTPe6d7Pyt6UBYaing==",
      "dependencies": {
        "@smithy/querystring-parser": "^4.2.11",
        "@smithy/types": "^4.13.0",
        "tslib": "^2.6.2"
      },
      "engines": {
        "node": ">=18.0.0"
      }
    },
    "node_modules/@smithy/util-base64": {
      "version": "4.3.2",
      "resolved": "https://registry.npmjs.org/@smithy/util-base64/-/util-base64-4.3.2.tgz",
      "integrity": "sha512-XRH6b0H/5A3SgblmMa5ErXQ2XKhfbQB+Fm/oyLZ2O2kCUrwgg55bU0RekmzAhuwOjA9qdN5VU2BprOvGGUkOOQ==",
      "dependencies": {
        "@smithy/util-buffer-from": "^4.2.2",
        "@smithy/util-utf8": "^4.2.2",
        "tslib": "^2.6.2"
      },
      "engines": {
        "node": ">=18.0.0"
      }
    },
    "node_modules/@smithy/util-body-length-browser": {
      "version": "4.2.2",
      "resolved": "https://registry.npmjs.org/@smithy/util-body-length-browser/-/util-body-length-browser-4.2.2.tgz",
      "integrity": "sha512-JKCrLNOup3OOgmzeaKQwi4ZCTWlYR5H4Gm1r2uTMVBXoemo1UEghk5vtMi1xSu2ymgKVGW631e2fp9/R610ZjQ==",
      "dependencies": {
        "tslib": "^2.6.2"
      },
      "engines": {
        "node": ">=18.0.0"
      }
    },
    "node_modules/@smithy/util-buffer-from": {
      "version": "4.2.2",
      "resolved": "https://registry.npmjs.org/@smithy/util-buffer-from/-/util-buffer-from-4.2.2.tgz",
      "integrity": "sha512-FDXD7cvUoFWwN6vtQfEta540Y/YBe5JneK3SoZg9bThSoOAC/eGeYEua6RkBgKjGa/sz6Y+DuBZj3+YEY21y4Q==",
      "dependencies": {
        "@smithy/is-array-buffer": "^4.2.2",
        "tslib": "^2.6.2"
      },
      "engines": {
        "node": ">=18.0.0"
      }
    },
    "node_modules/@smithy/util-config-provider": {
      "version": "4.2.2",
      "resolved": "https://registry.npmjs.org/@smithy/util-config-provider/-/util-config-provider-4.2.2.tgz",
      "integrity": "sha512-dWU03V3XUprJwaUIFVv4iOnS1FC9HnMHDfUrlNDSh4315v0cWyaIErP8KiqGVbf5z+JupoVpNM7ZB3jFiTejvQ==",
      "dependencies": {
        "tslib": "^2.6.2"
      },
      "engines": {
        "node": ">=18.0.0"
      }
    },
    "node_modules/@smithy/util-hex-encoding": {
      "version": "4.2.2",
      "resolved": "https://registry.npmjs.org/@smithy/util-hex-encoding/-/util-hex-encoding-4.2.2.tgz",
      "integrity": "sha512-Qcz3W5vuHK4sLQdyT93k/rfrUwdJ8/HZ+nMUOyGdpeGA1Wxt65zYwi3oEl9kOM+RswvYq90fzkNDahPS8K0OIg==",
      "dependencies": {
        "tslib": "^2.6.2"
      },
      "engines": {
        "node": ">=18.0.0"
      }
    },
    "node_modules/@smithy/util-middleware": {
      "version": "4.2.11",
      "resolved": "https://registry.npmjs.org/@smithy/util-middleware/-/util-middleware-4.2.11.tgz",
      "integrity": "sha512-r3dtF9F+TpSZUxpOVVtPfk09Rlo4lT6ORBqEvX3IBT6SkQAdDSVKR5GcfmZbtl7WKhKnmb3wbDTQ6ibR2XHClw==",
      "dependencies": {
        "@smithy/types": "^4.13.0",
        "tslib": "^2.6.2"
      },
      "engines": {
        "node": ">=18.0.0"
      }
    },
    "node_modules/@smithy/util-stream": {
      "version": "4.5.17",
      "resolved": "https://registry.npmjs.org/@smithy/util-stream/-/util-stream-4.5.17.tgz",
      "integrity": "sha512-793BYZ4h2JAQkNHcEnyFxDTcZbm9bVybD0UV/LEWmZ5bkTms7JqjfrLMi2Qy0E5WFcCzLwCAPgcvcvxoeALbAQ==",
      "dependencies": {
        "@smithy/fetch-http-handler": "^5.3.13",
        "@smithy/node-http-handler": "^4.4.14",
        "@smithy/types": "^4.13.0",
        "@smithy/util-base64": "^4.3.2",
        "@smithy/util-buffer-from": "^4.2.2",
        "@smithy/util-hex-encoding": "^4.2.2",
        "@smithy/util-utf8": "^4.2.2",
        "tslib": "^2.6.2"
      },
      "engines": {
        "node": ">=18.0.0"
      }
    },
    "node_modules/@smithy/util-uri-escape": {
      "version": "4.2.2",
      "resolved": "https://registry.npmjs.org/@smithy/util-uri-escape/-/util-uri-escape-4.2.2.tgz",
      "integrity": "sha512-2kAStBlvq+lTXHyAZYfJRb/DfS3rsinLiwb+69SstC9Vb0s9vNWkRwpnj918Pfi85mzi42sOqdV72OLxWAISnw==",
      "dependencies": {
        "tslib": "^2.6.2"
      },
      "engines": {
        "node": ">=18.0.0"
      }
    },
    "node_modules/@smithy/util-utf8": {
      "version": "4.2.2",
      "resolved": "https://registry.npmjs.org/@smithy/util-utf8/-/util-utf8-4.2.2.tgz",
      "integrity": "sha512-75MeYpjdWRe8M5E3AW0O4Cx3UadweS+cwdXjwYGBW5h/gxxnbeZ877sLPX/ZJA9GVTlL/qG0dXP29JWFCD1Ayw==",
      "dependencies": {
        "@smithy/util-buffer-from": "^4.2.2",
        "tslib": "^2.6.2"
      },
      "engines": {
        "node": ">=18.0.0"
      }
    },
    "node_modules/@smithy/uuid": {
      "version": "1.1.2",
      "resolved": "https://registry.npmjs.org/@smithy/uuid/-/uuid-1.1.2.tgz",
      "integrity": "sha512-O/IEdcCUKkubz60tFbGA7ceITTAJsty+lBjNoorP4Z6XRqaFb/OjQjZODophEcuq68nKm6/0r+6/lLQ+XVpk8g==",
      "dependencies": {
        "tslib": "^2.6.2"
      },
      "engines": {
        "node": ">=18.0.0"
      }
    },
    "node_modules/fast-xml-builder": {
      "version": "1.0.0",
      "resolved": "https://registry.npmjs.org/fast-xml-builder/-/fast-xml-builder-1.0.0.tgz",
      "integrity": "sha512-fpZuDogrAgnyt9oDDz+5DBz0zgPdPZz6D4IR7iESxRXElrlGTRkHJ9eEt+SACRJwT0FNFrt71DFQIUFBJfX/uQ==",
      "funding": [
        {
          "type": "github",
          "url": "https://github.com/sponsors/NaturalIntelligence"
        }
      ]
    },
    "node_modules/fast-xml-parser": {
      "version": "5.4.1",
      "resolved": "https://registry.npmjs.org/fast-xml-parser/-/fast-xml-parser-5.4.1.tgz",
      "integrity": "sha512-BQ30U1mKkvXQXXkAGcuyUA/GA26oEB7NzOtsxCDtyu62sjGw5QraKFhx2Em3WQNjPw9PG6MQ9yuIIgkSDfGu5A==",
      "funding": [
        {
          "type": "github",
          "url": "https://github.com/sponsors/NaturalIntelligence"
        }
      ],
      "dependencies": {
        "fast-xml-builder": "^1.0.0",
        "strnum": "^2.1.2"
      },
      "bin": {
        "fxparser": "src/cli/cli.js"
      }
    },
    "node_modules/strnum": {
      "version": "2.2.0",
      "resolved": "https://registry.npmjs.org/strnum/-/strnum-2.2.0.tgz",
      "integrity": "sha512-Y7Bj8XyJxnPAORMZj/xltsfo55uOiyHcU2tnAVzHUnSJR/KsEX+9RoDeXEnsXtl/CX4fAcrt64gZ13aGaWPeBg==",
      "funding": [
        {
          "type": "github",
          "url": "https://github.com/sponsors/NaturalIntelligence"
        }
      ]
    },
    "node_modules/tslib": {
      "version": "2.8.1",
      "resolved": "https://registry.npmjs.org/tslib/-/tslib-2.8.1.tgz",
      "integrity": "sha512-oJFu94HQb+KVduSUQL7wnpmqnfmLsOA/nAh6b6EH0wCEoK0/mPeXU6c3wKDV83MkOuHPRHtSXKKU99IBazS/2w=="
    }
  }
}
